// !$*UTF8*$!
{
	archiveVersion = 1;
	classes = {
	};
	objectVersion = 46;
	objects = {

/* Begin PBXBuildFile section */
		3AC7BA941C9130AA00777449 /* AppDelegate.swift in Sources */ = {isa = PBXBuildFile; fileRef = 3AC7BA931C9130AA00777449 /* AppDelegate.swift */; };
		3AC7BA991C9130AA00777449 /* Main.storyboard in Resources */ = {isa = PBXBuildFile; fileRef = 3AC7BA971C9130AA00777449 /* Main.storyboard */; };
		3AC7BA9B1C9130AA00777449 /* Images.xcassets in Resources */ = {isa = PBXBuildFile; fileRef = 3AC7BA9A1C9130AA00777449 /* Images.xcassets */; };
		3AC7BA9E1C9130AA00777449 /* LaunchScreen.xib in Resources */ = {isa = PBXBuildFile; fileRef = 3AC7BA9C1C9130AA00777449 /* LaunchScreen.xib */; };
		3AC7BAAA1C9130AA00777449 /* JSONTutorialTests.swift in Sources */ = {isa = PBXBuildFile; fileRef = 3AC7BAA91C9130AA00777449 /* JSONTutorialTests.swift */; };
/* End PBXBuildFile section */

/* Begin PBXContainerItemProxy section */
		3AC7BAA41C9130AA00777449 /* PBXContainerItemProxy */ = {
			isa = PBXContainerItemProxy;
			containerPortal = 3AC7BA861C9130AA00777449 /* Project object */;
			proxyType = 1;
			remoteGlobalIDString = 3AC7BA8D1C9130AA00777449;
			remoteInfo = JSONTutorial;
		};
/* End PBXContainerItemProxy section */

/* Begin PBXFileReference section */
		3A7DEE391C9181A2004A86B6 /* ko */ = {isa = PBXFileReference; lastKnownFileType = text.plist.strings; name = ko; path = ko.lproj/Main.strings; sourceTree = "<group>"; };
		3A7DEE3A1C9181A2004A86B6 /* ko */ = {isa = PBXFileReference; lastKnownFileType = text.plist.strings; name = ko; path = ko.lproj/LaunchScreen.strings; sourceTree = "<group>"; };
		3AC7BA8E1C9130AA00777449 /* JSONTutorial.app */ = {isa = PBXFileReference; explicitFileType = wrapper.application; includeInIndex = 0; path = JSONTutorial.app; sourceTree = BUILT_PRODUCTS_DIR; };
		3AC7BA921C9130AA00777449 /* Info.plist */ = {isa = PBXFileReference; lastKnownFileType = text.plist.xml; path = Info.plist; sourceTree = "<group>"; };
		3AC7BA931C9130AA00777449 /* AppDelegate.swift */ = {isa = PBXFileReference; lastKnownFileType = sourcecode.swift; path = AppDelegate.swift; sourceTree = "<group>"; };
		3AC7BA981C9130AA00777449 /* Base */ = {isa = PBXFileReference; lastKnownFileType = file.storyboard; name = Base; path = Base.lproj/Main.storyboard; sourceTree = "<group>"; };
		3AC7BA9A1C9130AA00777449 /* Images.xcassets */ = {isa = PBXFileReference; lastKnownFileType = folder.assetcatalog; path = Images.xcassets; sourceTree = "<group>"; };
		3AC7BA9D1C9130AA00777449 /* Base */ = {isa = PBXFileReference; lastKnownFileType = file.xib; name = Base; path = Base.lproj/LaunchScreen.xib; sourceTree = "<group>"; };
		3AC7BAA31C9130AA00777449 /* JSONTutorialTests.xctest */ = {isa = PBXFileReference; explicitFileType = wrapper.cfbundle; includeInIndex = 0; path = JSONTutorialTests.xctest; sourceTree = BUILT_PRODUCTS_DIR; };
		3AC7BAA81C9130AA00777449 /* Info.plist */ = {isa = PBXFileReference; lastKnownFileType = text.plist.xml; path = Info.plist; sourceTree = "<group>"; };
		3AC7BAA91C9130AA00777449 /* JSONTutorialTests.swift */ = {isa = PBXFileReference; lastKnownFileType = sourcecode.swift; path = JSONTutorialTests.swift; sourceTree = "<group>"; };
/* End PBXFileReference section */

/* Begin PBXFrameworksBuildPhase section */
		3AC7BA8B1C9130AA00777449 /* Frameworks */ = {
			isa = PBXFrameworksBuildPhase;
			buildActionMask = 2147483647;
			files = (
			);
			runOnlyForDeploymentPostprocessing = 0;
		};
		3AC7BAA01C9130AA00777449 /* Frameworks */ = {
			isa = PBXFrameworksBuildPhase;
			buildActionMask = 2147483647;
			files = (
			);
			runOnlyForDeploymentPostprocessing = 0;
		};
/* End PBXFrameworksBuildPhase section */

/* Begin PBXGroup section */
		3AC7BA851C9130AA00777449 = {
			isa = PBXGroup;
			children = (
				3AC7BA901C9130AA00777449 /* JSONTutorial */,
				3AC7BAA61C9130AA00777449 /* JSONTutorialTests */,
				3AC7BA8F1C9130AA00777449 /* Products */,
			);
			sourceTree = "<group>";
		};
		3AC7BA8F1C9130AA00777449 /* Products */ = {
			isa = PBXGroup;
			children = (
				3AC7BA8E1C9130AA00777449 /* JSONTutorial.app */,
				3AC7BAA31C9130AA00777449 /* JSONTutorialTests.xctest */,
			);
			name = Products;
			sourceTree = "<group>";
		};
		3AC7BA901C9130AA00777449 /* JSONTutorial */ = {
			isa = PBXGroup;
			children = (
				3AC7BA931C9130AA00777449 /* AppDelegate.swift */,
				3AC7BA971C9130AA00777449 /* Main.storyboard */,
				3AC7BA9A1C9130AA00777449 /* Images.xcassets */,
				3AC7BA9C1C9130AA00777449 /* LaunchScreen.xib */,
				3AC7BA911C9130AA00777449 /* Supporting Files */,
			);
			path = JSONTutorial;
			sourceTree = "<group>";
		};
		3AC7BA911C9130AA00777449 /* Supporting Files */ = {
			isa = PBXGroup;
			children = (
				3AC7BA921C9130AA00777449 /* Info.plist */,
			);
			name = "Supporting Files";
			sourceTree = "<group>";
		};
		3AC7BAA61C9130AA00777449 /* JSONTutorialTests */ = {
			isa = PBXGroup;
			children = (
				3AC7BAA91C9130AA00777449 /* JSONTutorialTests.swift */,
				3AC7BAA71C9130AA00777449 /* Supporting Files */,
			);
			path = JSONTutorialTests;
			sourceTree = "<group>";
		};
		3AC7BAA71C9130AA00777449 /* Supporting Files */ = {
			isa = PBXGroup;
			children = (
				3AC7BAA81C9130AA00777449 /* Info.plist */,
			);
			name = "Supporting Files";
			sourceTree = "<group>";
		};
/* End PBXGroup section */

/* Begin PBXNativeTarget section */
		3AC7BA8D1C9130AA00777449 /* JSONTutorial */ = {
			isa = PBXNativeTarget;
			buildConfigurationList = 3AC7BAAD1C9130AA00777449 /* Build configuration list for PBXNativeTarget "JSONTutorial" */;
			buildPhases = (
				3AC7BA8A1C9130AA00777449 /* Sources */,
				3AC7BA8B1C9130AA00777449 /* Frameworks */,
				3AC7BA8C1C9130AA00777449 /* Resources */,
			);
			buildRules = (
			);
			dependencies = (
			);
			name = JSONTutorial;
			productName = JSONTutorial;
			productReference = 3AC7BA8E1C9130AA00777449 /* JSONTutorial.app */;
			productType = "com.apple.product-type.application";
		};
		3AC7BAA21C9130AA00777449 /* JSONTutorialTests */ = {
			isa = PBXNativeTarget;
			buildConfigurationList = 3AC7BAB01C9130AA00777449 /* Build configuration list for PBXNativeTarget "JSONTutorialTests" */;
			buildPhases = (
				3AC7BA9F1C9130AA00777449 /* Sources */,
				3AC7BAA01C9130AA00777449 /* Frameworks */,
				3AC7BAA11C9130AA00777449 /* Resources */,
			);
			buildRules = (
			);
			dependencies = (
				3AC7BAA51C9130AA00777449 /* PBXTargetDependency */,
			);
			name = JSONTutorialTests;
			productName = JSONTutorialTests;
			productReference = 3AC7BAA31C9130AA00777449 /* JSONTutorialTests.xctest */;
			productType = "com.apple.product-type.bundle.unit-test";
		};
/* End PBXNativeTarget section */

/* Begin PBXProject section */
		3AC7BA861C9130AA00777449 /* Project object */ = {
			isa = PBXProject;
			attributes = {
				LastSwiftUpdateCheck = 0720;
				LastUpgradeCheck = 0640;
				ORGANIZATIONNAME = "HNA Studios, Ltd";
				TargetAttributes = {
					3AC7BA8D1C9130AA00777449 = {
						CreatedOnToolsVersion = 6.4;
					};
					3AC7BAA21C9130AA00777449 = {
						CreatedOnToolsVersion = 6.4;
						TestTargetID = 3AC7BA8D1C9130AA00777449;
					};
				};
			};
			buildConfigurationList = 3AC7BA891C9130AA00777449 /* Build configuration list for PBXProject "JSONTutorial" */;
			compatibilityVersion = "Xcode 3.2";
			developmentRegion = English;
			hasScannedForEncodings = 0;
			knownRegions = (
				en,
				Base,
			);
			mainGroup = 3AC7BA851C9130AA00777449;
			productRefGroup = 3AC7BA8F1C9130AA00777449 /* Products */;
			projectDirPath = "";
			projectRoot = "";
			targets = (
				3AC7BA8D1C9130AA00777449 /* JSONTutorial */,
				3AC7BAA21C9130AA00777449 /* JSONTutorialTests */,
			);
		};
/* End PBXProject section */

/* Begin PBXResourcesBuildPhase section */
		3AC7BA8C1C9130AA00777449 /* Resources */ = {
			isa = PBXResourcesBuildPhase;
			buildActionMask = 2147483647;
			files = (
				3AC7BA991C9130AA00777449 /* Main.storyboard in Resources */,
				3AC7BA9E1C9130AA00777449 /* LaunchScreen.xib in Resources */,
				3AC7BA9B1C9130AA00777449 /* Images.xcassets in Resources */,
			);
			runOnlyForDeploymentPostprocessing = 0;
		};
		3AC7BAA11C9130AA00777449 /* Resources */ = {
			isa = PBXResourcesBuildPhase;
			buildActionMask = 2147483647;
			files = (
			);
			runOnlyForDeploymentPostprocessing = 0;
		};
/* End PBXResourcesBuildPhase section */

/* Begin PBXSourcesBuildPhase section */
		3AC7BA8A1C9130AA00777449 /* Sources */ = {
			isa = PBXSourcesBuildPhase;
			buildActionMask = 2147483647;
			files = (
				3AC7BA941C9130AA00777449 /* AppDelegate.swift in Sources */,
			);
			runOnlyForDeploymentPostprocessing = 0;
		};
		3AC7BA9F1C9130AA00777449 /* Sources */ = {
			isa = PBXSourcesBuildPhase;
			buildActionMask = 2147483647;
			files = (
				3AC7BAAA1C9130AA00777449 /* JSONTutorialTests.swift in Sources */,
			);
			runOnlyForDeploymentPostprocessing = 0;
		};
/* End PBXSourcesBuildPhase section */

/* Begin PBXTargetDependency section */
		3AC7BAA51C9130AA00777449 /* PBXTargetDependency */ = {
			isa = PBXTargetDependency;
			target = 3AC7BA8D1C9130AA00777449 /* JSONTutorial */;
			targetProxy = 3AC7BAA41C9130AA00777449 /* PBXContainerItemProxy */;
		};
/* End PBXTargetDependency section */

/* Begin PBXVariantGroup section */
		3AC7BA971C9130AA00777449 /* Main.storyboard */ = {
			isa = PBXVariantGroup;
			children = (
				3AC7BA981C9130AA00777449 /* Base */,
				3A7DEE391C9181A2004A86B6 /* ko */,
			);
			name = Main.storyboard;
			sourceTree = "<group>";
		};
		3AC7BA9C1C9130AA00777449 /* LaunchScreen.xib */ = {
			isa = PBXVariantGroup;
			children = (
				3AC7BA9D1C9130AA00777449 /* Base */,
				3A7DEE3A1C9181A2004A86B6 /* ko */,
			);
			name = LaunchScreen.xib;
			sourceTree = "<group>";
		};
/* End PBXVariantGroup section */

/* Begin XCBuildConfiguration section */
		3AC7BAAB1C9130AA00777449 /* Debug */ = {
			isa = XCBuildConfiguration;
			buildSettings = {
				ALWAYS_SEARCH_USER_PATHS = NO;
				CLANG_CXX_LANGUAGE_STANDARD = "gnu++0x";
				CLANG_CXX_LIBRARY = "libc++";
				CLANG_ENABLE_MODULES = YES;
				CLANG_ENABLE_OBJC_ARC = YES;
				CLANG_WARN_BOOL_CONVERSION = YES;
				CLANG_WARN_CONSTANT_CONVERSION = YES;
				CLANG_WARN_DIRECT_OBJC_ISA_USAGE = YES_ERROR;
				CLANG_WARN_EMPTY_BODY = YES;
				CLANG_WARN_ENUM_CONVERSION = YES;
				CLANG_WARN_INT_CONVERSION = YES;
				CLANG_WARN_OBJC_ROOT_CLASS = YES_ERROR;
				CLANG_WARN_UNREACHABLE_CODE = YES;
				CLANG_WARN__DUPLICATE_METHOD_MATCH = YES;
				"CODE_SIGN_IDENTITY[sdk=iphoneos*]" = "iPhone Developer";
				COPY_PHASE_STRIP = NO;
				DEBUG_INFORMATION_FORMAT = "dwarf-with-dsym";
				ENABLE_STRICT_OBJC_MSGSEND = YES;
				GCC_C_LANGUAGE_STANDARD = gnu99;
				GCC_DYNAMIC_NO_PIC = NO;
				GCC_NO_COMMON_BLOCKS = YES;
				GCC_OPTIMIZATION_LEVEL = 0;
				GCC_PREPROCESSOR_DEFINITIONS = (
					"DEBUG=1",
					"$(inherited)",
				);
				GCC_SYMBOLS_PRIVATE_EXTERN = NO;
				GCC_WARN_64_TO_32_BIT_CONVERSION = YES;
				GCC_WARN_ABOUT_RETURN_TYPE = YES_ERROR;
				GCC_WARN_UNDECLARED_SELECTOR = YES;
				GCC_WARN_UNINITIALIZED_AUTOS = YES_AGGRESSIVE;
				GCC_WARN_UNUSED_FUNCTION = YES;
				GCC_WARN_UNUSED_VARIABLE = YES;
				IPHONEOS_DEPLOYMENT_TARGET = 7.0;
				MTL_ENABLE_DEBUG_INFO = YES;
				ONLY_ACTIVE_ARCH = YES;
				SDKROOT = iphoneos;
				SWIFT_OPTIMIZATION_LEVEL = "-Onone";
			};
			name = Debug;
		};
		3AC7BAAC1C9130AA00777449 /* Release */ = {
			isa = XCBuildConfiguration;
			buildSettings = {
				ALWAYS_SEARCH_USER_PATHS = NO;
				CLANG_CXX_LANGUAGE_STANDARD = "gnu++0x";
				CLANG_CXX_LIBRARY = "libc++";
				CLANG_ENABLE_MODULES = YES;
				CLANG_ENABLE_OBJC_ARC = YES;
				CLANG_WARN_BOOL_CONVERSION = YES;
				CLANG_WARN_CONSTANT_CONVERSION = YES;
				CLANG_WARN_DIRECT_OBJC_ISA_USAGE = YES_ERROR;
				CLANG_WARN_EMPTY_BODY = YES;
				CLANG_WARN_ENUM_CONVERSION = YES;
				CLANG_WARN_INT_CONVERSION = YES;
				CLANG_WARN_OBJC_ROOT_CLASS = YES_ERROR;
				CLANG_WARN_UNREACHABLE_CODE = YES;
				CLANG_WARN__DUPLICATE_METHOD_MATCH = YES;
				"CODE_SIGN_IDENTITY[sdk=iphoneos*]" = "iPhone Developer";
				COPY_PHASE_STRIP = NO;
				DEBUG_INFORMATION_FORMAT = "dwarf-with-dsym";
				ENABLE_NS_ASSERTIONS = NO;
				ENABLE_STRICT_OBJC_MSGSEND = YES;
				GCC_C_LANGUAGE_STANDARD = gnu99;
				GCC_NO_COMMON_BLOCKS = YES;
				GCC_WARN_64_TO_32_BIT_CONVERSION = YES;
				GCC_WARN_ABOUT_RETURN_TYPE = YES_ERROR;
				GCC_WARN_UNDECLARED_SELECTOR = YES;
				GCC_WARN_UNINITIALIZED_AUTOS = YES_AGGRESSIVE;
				GCC_WARN_UNUSED_FUNCTION = YES;
				GCC_WARN_UNUSED_VARIABLE = YES;
				IPHONEOS_DEPLOYMENT_TARGET = 7.0;
				MTL_ENABLE_DEBUG_INFO = NO;
				SDKROOT = iphoneos;
				VALIDATE_PRODUCT = YES;
			};
			name = Release;
		};
		3AC7BAAE1C9130AA00777449 /* Debug */ = {
			isa = XCBuildConfiguration;
			buildSettings = {
				ASSETCATALOG_COMPILER_APPICON_NAME = AppIcon;
				INFOPLIST_FILE = JSONTutorial/Info.plist;
				LD_RUNPATH_SEARCH_PATHS = "$(inherited) @executable_path/Frameworks";
				PRODUCT_NAME = "$(TARGET_NAME)";
			};
			name = Debug;
		};
		3AC7BAAF1C9130AA00777449 /* Release */ = {
			isa = XCBuildConfiguration;
			buildSettings = {
				ASSETCATALOG_COMPILER_APPICON_NAME = AppIcon;
				INFOPLIST_FILE = JSONTutorial/Info.plist;
				LD_RUNPATH_SEARCH_PATHS = "$(inherited) @executable_path/Frameworks";
				PRODUCT_NAME = "$(TARGET_NAME)";
			};
			name = Release;
		};
		3AC7BAB11C9130AA00777449 /* Debug */ = {
			isa = XCBuildConfiguration;
			buildSettings = {
				BUNDLE_LOADER = "$(TEST_HOST)";
				FRAMEWORK_SEARCH_PATHS = (
					"$(SDKROOT)/Developer/Library/Frameworks",
					"$(inherited)",
				);
				GCC_PREPROCESSOR_DEFINITIONS = (
					"DEBUG=1",
					"$(inherited)",
				);
				INFOPLIST_FILE = JSONTutorialTests/Info.plist;
				LD_RUNPATH_SEARCH_PATHS = "$(inherited) @executable_path/Frameworks @loader_path/Frameworks";
				PRODUCT_NAME = "$(TARGET_NAME)";
				TEST_HOST = "$(BUILT_PRODUCTS_DIR)/JSONTutorial.app/JSONTutorial";
			};
			name = Debug;
		};
		3AC7BAB21C9130AA00777449 /* Release */ = {
			isa = XCBuildConfiguration;
			buildSettings = {
				BUNDLE_LOADER = "$(TEST_HOST)";
				FRAMEWORK_SEARCH_PATHS = (
					"$(SDKROOT)/Developer/Library/Frameworks",
					"$(inherited)",
				);
				INFOPLIST_FILE = JSONTutorialTests/Info.plist;
				LD_RUNPATH_SEARCH_PATHS = "$(inherited) @executable_path/Frameworks @loader_path/Frameworks";
				PRODUCT_NAME = "$(TARGET_NAME)";
				TEST_HOST = "$(BUILT_PRODUCTS_DIR)/JSONTutorial.app/JSONTutorial";
			};
			name = Release;
		};
/* End XCBuildConfiguration section */

/* Begin XCConfigurationList section */
		3AC7BA891C9130AA00777449 /* Build configuration list for PBXProject "JSONTutorial" */ = {
			isa = XCConfigurationList;
			buildConfigurations = (
				3AC7BAAB1C9130AA00777449 /* Debug */,
				3AC7BAAC1C9130AA00777449 /* Release */,
			);
			defaultConfigurationIsVisible = 0;
			defaultConfigurationName = Release;
		};
		3AC7BAAD1C9130AA00777449 /* Build configuration list for PBXNativeTarget "JSONTutorial" */ = {
			isa = XCConfigurationList;
			buildConfigurations = (
				3AC7BAAE1C9130AA00777449 /* Debug */,
				3AC7BAAF1C9130AA00777449 /* Release */,
			);
			defaultConfigurationIsVisible = 0;
			defaultConfigurationName = Release;
		};
		3AC7BAB01C9130AA00777449 /* Build configuration list for PBXNativeTarget "JSONTutorialTests" */ = {
			isa = XCConfigurationList;
			buildConfigurations = (
				3AC7BAB11C9130AA00777449 /* Debug */,
				3AC7BAB21C9130AA00777449 /* Release */,
			);
			defaultConfigurationIsVisible = 0;
			defaultConfigurationName = Release;
		};
/* End XCConfigurationList section */
	};
	rootObject = 3AC7BA861C9130AA00777449 /* Project object */;
}
